<?xml version="1.0" encoding="utf-8"?>
<Project ToolsVersion="4.0" xmlns="http://schemas.microsoft.com/developer/msbuild/2003">
  <ItemGroup>
    <Filter Include="Source Files">
      <UniqueIdentifier>{4FC737F1-C7A5-4376-A066-2A32D752A2FF}</UniqueIdentifier>
      <Extensions>cpp;c;cc;cxx;c++;cppm;ixx;def;odl;idl;hpj;bat;asm;asmx</Extensions>
    </Filter>
    <Filter Include="Header Files">
      <UniqueIdentifier>{93995380-89BD-4b04-88EB-625FBE52EBFB}</UniqueIdentifier>
      <Extensions>h;hh;hpp;hxx;h++;hm;inl;inc;ipp;xsd</Extensions>
    </Filter>
    <Filter Include="Resource Files">
      <UniqueIdentifier>{67DA6AB6-F800-4c08-8B7A-83BB121AAD01}</UniqueIdentifier>
      <Extensions>rc;ico;cur;bmp;dlg;rc2;rct;bin;rgs;gif;jpg;jpeg;jpe;resx;tiff;tif;png;wav;mfcribbon-ms</Extensions>
    </Filter>
    <Filter Include="imgui">
      <UniqueIdentifier>{e5c11b12-14e9-4cbc-bbfe-eb237af9b317}</UniqueIdentifier>
    </Filter>
    <Filter Include="Resource Files\Shaders">
      <UniqueIdentifier>{b32492a9-2770-4661-9297-7468e3d1b05c}</UniqueIdentifier>
    </Filter>
    <Filter Include="Resource Files\Objects">
      <UniqueIdentifier>{9f975159-7abc-4f68-9c66-3b9496ad486f}</UniqueIdentifier>
    </Filter>
    <Filter Include="Resource Files\Textures">
      <UniqueIdentifier>{5d9c8edd-7e19-4a6a-b20c-5b95f5214d41}</UniqueIdentifier>
    </Filter>
  </ItemGroup>
  <ItemGroup>
    <None Include="README.md" />
    <None Include="resources\video.mkv">
      <Filter>Resource Files</Filter>
    </None>
    <None Include="resources\Shaders\basic.frag">
      <Filter>Resource Files\Shaders</Filter>
    </None>
    <None Include="resources\Shaders\basic.vert">
      <Filter>Resource Files\Shaders</Filter>
    </None>
    <None Include="resources\Shaders\basic_core.frag">
      <Filter>Resource Files\Shaders</Filter>
    </None>
    <None Include="resources\Shaders\basic_core.vert">
      <Filter>Resource Files\Shaders</Filter>
    </None>
    <None Include="resources\Shaders\basic_uniform.frag">
      <Filter>Resource Files\Shaders</Filter>
    </None>
    <None Include="resources\Shaders\basic_uniform.vert">
      <Filter>Resource Files\Shaders</Filter>
    </None>
    <None Include="resources\Shaders\tex.frag">
      <Filter>Resource Files\Shaders</Filter>
    </None>
    <None Include="resources\Shaders\tex.vert">
      <Filter>Resource Files\Shaders</Filter>
    </None>
    <None Include="resources\Shaders\directional.frag">
      <Filter>Resource Files\Shaders</Filter>
    </None>
    <None Include="resources\Shaders\directional.vert">
      <Filter>Resource Files\Shaders</Filter>
    </None>
    <None Include="resources\Shaders\parametrized,many,COMPAT-OLD.frag">
      <Filter>Resource Files\Shaders</Filter>
    </None>
  </ItemGroup>
  <ItemGroup>
    <Image Include="Resource\lightbulb.jpg">
      <Filter>Resource Files</Filter>
    </Image>
    <Image Include="Resource\HSV-MAP.png">
      <Filter>Resource Files</Filter>
    </Image>
    <Image Include="resources\red_cup.jpg">
      <Filter>Resource Files</Filter>
    </Image>
    <Image Include="resources\textures\box.png">
      <Filter>Resource Files\Textures</Filter>
    </Image>
    <Image Include="resources\textures\box_rgb888.png">
      <Filter>Resource Files\Textures</Filter>
    </Image>
    <Image Include="resources\textures\heights.png">
      <Filter>Resource Files\Textures</Filter>
    </Image>
    <Image Include="resources\textures\tex_256.png">
      <Filter>Resource Files\Textures</Filter>
    </Image>
    <Image Include="resources\textures\tex_1024.jpg">
      <Filter>Resource Files\Textures</Filter>
    </Image>
    <Image Include="resources\textures\tex_2048.png">
      <Filter>Resource Files\Textures</Filter>
    </Image>
    <Image Include="resources\textures\tex_2048_b.png">
      <Filter>Resource Files\Textures</Filter>
    </Image>
    <Image Include="resources\textures\TextureDouble_A.png">
      <Filter>Resource Files\Textures</Filter>
    </Image>
  </ItemGroup>
  <ItemGroup>
    <Xml Include="resources\haarcascade_frontalface_default.xml">
      <Filter>Resource Files</Filter>
    </Xml>
  </ItemGroup>
  <ItemGroup>
    <ClCompile Include="src\App.cpp">
      <Filter>Source Files</Filter>
    </ClCompile>
    <ClCompile Include="src\gl_err_callback.cpp">
      <Filter>Source Files</Filter>
    </ClCompile>
    <ClCompile Include="src\main.cpp">
      <Filter>Source Files</Filter>
    </ClCompile>
    <ClCompile Include="src\codec.cpp">
      <Filter>Source Files</Filter>
    </ClCompile>
    <ClCompile Include="src\imageProcessing.cpp">
      <Filter>Source Files</Filter>
    </ClCompile>
    <ClCompile Include="src\FaceRecongnition.cpp">
      <Filter>Source Files</Filter>
    </ClCompile>
    <ClCompile Include="imgui-master\imgui.cpp">
      <Filter>imgui</Filter>
    </ClCompile>
    <ClCompile Include="imgui-master\imgui_demo.cpp">
      <Filter>imgui</Filter>
    </ClCompile>
    <ClCompile Include="imgui-master\imgui_draw.cpp">
      <Filter>imgui</Filter>
    </ClCompile>
    <ClCompile Include="imgui-master\imgui_tables.cpp">
      <Filter>imgui</Filter>
    </ClCompile>
    <ClCompile Include="imgui-master\imgui_widgets.cpp">
      <Filter>imgui</Filter>
    </ClCompile>
    <ClCompile Include="imgui-master\backends\imgui_impl_glfw.cpp">
      <Filter>imgui</Filter>
    </ClCompile>
    <ClCompile Include="imgui-master\backends\imgui_impl_opengl3.cpp">
      <Filter>imgui</Filter>
    </ClCompile>
    <ClCompile Include="src\ShaderProgram.cpp">
      <Filter>Source Files</Filter>
    </ClCompile>
    <ClCompile Include="src\OBJloader.cpp">
      <Filter>Source Files</Filter>
    </ClCompile>
    <ClCompile Include="src\init.cpp">
      <Filter>Source Files</Filter>
    </ClCompile>
    <ClCompile Include="src\callbacks.cpp">
      <Filter>Source Files</Filter>
    </ClCompile>
    <ClCompile Include="src\heightMap.cpp">
      <Filter>Source Files</Filter>
    </ClCompile>
  </ItemGroup>
  <ItemGroup>
    <ClInclude Include="src\gl_err_callback.h">
      <Filter>Header Files</Filter>
    </ClInclude>
    <ClInclude Include="src\App.h">
      <Filter>Header Files</Filter>
    </ClInclude>
    <ClInclude Include="src\codec.h">
      <Filter>Header Files</Filter>
    </ClInclude>
    <ClInclude Include="src\imageProcessing.h">
      <Filter>Header Files</Filter>
    </ClInclude>
    <ClInclude Include="imgui-master\imconfig.h">
      <Filter>imgui</Filter>
    </ClInclude>
    <ClInclude Include="imgui-master\imgui.h">
      <Filter>imgui</Filter>
    </ClInclude>
    <ClInclude Include="imgui-master\imgui_internal.h">
      <Filter>imgui</Filter>
    </ClInclude>
    <ClInclude Include="imgui-master\imstb_rectpack.h">
      <Filter>imgui</Filter>
    </ClInclude>
    <ClInclude Include="imgui-master\imstb_textedit.h">
      <Filter>imgui</Filter>
    </ClInclude>
    <ClInclude Include="imgui-master\imstb_truetype.h">
      <Filter>imgui</Filter>
    </ClInclude>
    <ClInclude Include="imgui-master\backends\imgui_impl_glfw.h">
      <Filter>imgui</Filter>
    </ClInclude>
    <ClInclude Include="imgui-master\backends\imgui_impl_opengl3.h">
      <Filter>imgui</Filter>
    </ClInclude>
    <ClInclude Include="src\ShaderProgram.hpp">
      <Filter>Header Files</Filter>
    </ClInclude>
    <ClInclude Include="src\Vertex.h">
      <Filter>Header Files</Filter>
    </ClInclude>
    <ClInclude Include="src\Mesh.h">
      <Filter>Header Files</Filter>
    </ClInclude>
    <ClInclude Include="src\Model.h">
      <Filter>Header Files</Filter>
    </ClInclude>
    <ClInclude Include="src\OBJloader.hpp">
      <Filter>Header Files</Filter>
    </ClInclude>
    <ClInclude Include="src\teapot_vec.hpp">
      <Filter>Header Files</Filter>
    </ClInclude>
    <ClInclude Include="src\camera.hpp">
      <Filter>Header Files</Filter>
    </ClInclude>
  </ItemGroup>
</Project>